
Microsoft Visual Studio Solution File, Format Version 12.00
# Visual Studio Version 17
VisualStudioVersion = 17.14.36301.6
MinimumVisualStudioVersion = 10.0.40219.1
Project("{2150E333-8FDC-42A3-9474-1A3956D46DE8}") = "services", "services", "{02EA681E-C7D8-13C7-8484-4AC65E1B71E8}"
EndProject
Project("{2150E333-8FDC-42A3-9474-1A3956D46DE8}") = "Catalog", "Catalog", "{98828EA8-BE6C-4AE7-B8BC-615CCAAB8001}"
EndProject
Project("{FAE04EC0-301F-11D3-BF4B-00C04F79EFBC}") = "Catalog.API", "Services\Catalog\Catalog.API\Catalog.API.csproj", "{933DD79A-0CA6-4A49-92C1-4E12222FFE84}"
EndProject
Global
	GlobalSection(SolutionConfigurationPlatforms) = preSolution
		Debug|Any CPU = Debug|Any CPU
		Release|Any CPU = Release|Any CPU
	EndGlobalSection
	GlobalSection(ProjectConfigurationPlatforms) = postSolution
		{933DD79A-0CA6-4A49-92C1-4E12222FFE84}.Debug|Any CPU.ActiveCfg = Debug|Any CPU
		{933DD79A-0CA6-4A49-92C1-4E12222FFE84}.Debug|Any CPU.Build.0 = Debug|Any CPU
		{933DD79A-0CA6-4A49-92C1-4E12222FFE84}.Release|Any CPU.ActiveCfg = Release|Any CPU
		{933DD79A-0CA6-4A49-92C1-4E12222FFE84}.Release|Any CPU.Build.0 = Release|Any CPU
	EndGlobalSection
	GlobalSection(SolutionProperties) = preSolution
		HideSolutionNode = FALSE
	EndGlobalSection
	GlobalSection(NestedProjects) = preSolution
		{98828EA8-BE6C-4AE7-B8BC-615CCAAB8001} = {02EA681E-C7D8-13C7-8484-4AC65E1B71E8}
		{933DD79A-0CA6-4A49-92C1-4E12222FFE84} = {98828EA8-BE6C-4AE7-B8BC-615CCAAB8001}
	EndGlobalSection
	GlobalSection(ExtensibilityGlobals) = postSolution
		SolutionGuid = {340C5FF6-C36F-41FF-BDE9-1F80827F25D5}
	EndGlobalSection
EndGlobal
